
Microsoft Visual Studio Solution File, Format Version 10.00
# Visual Studio 2008
Project("{FAE04EC0-301F-11D3-BF4B-00C04F79EFBC}") = "picture_changer_ex01", "picture_changer_ex01\picture_changer_ex01.csproj", "{F695F9A7-7729-4CAB-9667-D22FBAA17978}"
EndProject
Global
	GlobalSection(SolutionConfigurationPlatforms) = preSolution
		Debug|Any CPU = Debug|Any CPU
		Release|Any CPU = Release|Any CPU
	EndGlobalSection
	GlobalSection(ProjectConfigurationPlatforms) = postSolution
		{F695F9A7-7729-4CAB-9667-D22FBAA17978}.Debug|Any CPU.ActiveCfg = Debug|Any CPU
		{F695F9A7-7729-4CAB-9667-D22FBAA17978}.Debug|Any CPU.Build.0 = Debug|Any CPU
		{F695F9A7-7729-4CAB-9667-D22FBAA17978}.Release|Any CPU.ActiveCfg = Release|Any CPU
		{F695F9A7-7729-4CAB-9667-D22FBAA17978}.Release|Any CPU.Build.0 = Release|Any CPU
	EndGlobalSection
	GlobalSection(SolutionProperties) = preSolution
		HideSolutionNode = FALSE
	EndGlobalSection
EndGlobal
